
Microsoft Visual Studio Solution File, Format Version 12.00
# Visual Studio Version 16
VisualStudioVersion = 16.0.31410.357
MinimumVisualStudioVersion = 10.0.40219.1
Project("{FAE04EC0-301F-11D3-BF4B-00C04F79EFBC}") = "CabInvoiceGenerator1", "CabInvoiceGenerator1\CabInvoiceGenerator1.csproj", "{ED5A8F5A-ABBE-43DF-8CBC-A4FD9E021005}"
EndProject
Project("{FAE04EC0-301F-11D3-BF4B-00C04F79EFBC}") = "CabInvoiceGeneratorTest1", "CabInvoiceGeneratorTest1\CabInvoiceGeneratorTest1.csproj", "{DACD329F-3319-4C6F-ADBE-8730957802DE}"
EndProject
Global
	GlobalSection(SolutionConfigurationPlatforms) = preSolution
		Debug|Any CPU = Debug|Any CPU
		Release|Any CPU = Release|Any CPU
	EndGlobalSection
	GlobalSection(ProjectConfigurationPlatforms) = postSolution
		{ED5A8F5A-ABBE-43DF-8CBC-A4FD9E021005}.Debug|Any CPU.ActiveCfg = Debug|Any CPU
		{ED5A8F5A-ABBE-43DF-8CBC-A4FD9E021005}.Debug|Any CPU.Build.0 = Debug|Any CPU
		{ED5A8F5A-ABBE-43DF-8CBC-A4FD9E021005}.Release|Any CPU.ActiveCfg = Release|Any CPU
		{ED5A8F5A-ABBE-43DF-8CBC-A4FD9E021005}.Release|Any CPU.Build.0 = Release|Any CPU
		{DACD329F-3319-4C6F-ADBE-8730957802DE}.Debug|Any CPU.ActiveCfg = Debug|Any CPU
		{DACD329F-3319-4C6F-ADBE-8730957802DE}.Debug|Any CPU.Build.0 = Debug|Any CPU
		{DACD329F-3319-4C6F-ADBE-8730957802DE}.Release|Any CPU.ActiveCfg = Release|Any CPU
		{DACD329F-3319-4C6F-ADBE-8730957802DE}.Release|Any CPU.Build.0 = Release|Any CPU
	EndGlobalSection
	GlobalSection(SolutionProperties) = preSolution
		HideSolutionNode = FALSE
	EndGlobalSection
	GlobalSection(ExtensibilityGlobals) = postSolution
		SolutionGuid = {EAF9BF8F-3F73-4A2C-BAD9-ED391C645679}
	EndGlobalSection
EndGlobal
